
Microsoft Visual Studio Solution File, Format Version 12.00
# Visual Studio 15
VisualStudioVersion = 15.0.25807.0
MinimumVisualStudioVersion = 10.0.40219.1
Project("{2150E333-8FDC-42A3-9474-1A3956D46DE8}") = "Engine", "Engine", "{9CBE755F-8ED1-47DA-BB92-60E70479F4B5}"
EndProject
Project("{2150E333-8FDC-42A3-9474-1A3956D46DE8}") = "Games", "Games", "{3787F825-E272-4E7F-8775-098C94C5B3BD}"
EndProject
Project("{8BC9CEB8-8B4A-11D0-8D11-00A0C91BC942}") = "UE4", "Intermediate\ProjectFiles\UE4.vcxproj", "{23992E90-4782-4B90-924B-5D81E920F264}"
EndProject
Project("{8BC9CEB8-8B4A-11D0-8D11-00A0C91BC942}") = "EscapeRoom", "Intermediate\ProjectFiles\EscapeRoom.vcxproj", "{4E6F6734-F0A2-4B51-8194-3B4C77B97322}"
EndProject
Global
	GlobalSection(SolutionConfigurationPlatforms) = preSolution
		DebugGame Editor|HTML5 = DebugGame Editor|HTML5
		DebugGame Editor|Win32 = DebugGame Editor|Win32
		DebugGame Editor|Win64 = DebugGame Editor|Win64
		DebugGame|HTML5 = DebugGame|HTML5
		DebugGame|Win32 = DebugGame|Win32
		DebugGame|Win64 = DebugGame|Win64
		Development Editor|HTML5 = Development Editor|HTML5
		Development Editor|Win32 = Development Editor|Win32
		Development Editor|Win64 = Development Editor|Win64
		Development|HTML5 = Development|HTML5
		Development|Win32 = Development|Win32
		Development|Win64 = Development|Win64
		Shipping|HTML5 = Shipping|HTML5
		Shipping|Win32 = Shipping|Win32
		Shipping|Win64 = Shipping|Win64
	EndGlobalSection
	GlobalSection(ProjectConfigurationPlatforms) = postSolution
		{23992E90-4782-4B90-924B-5D81E920F264}.DebugGame Editor|HTML5.ActiveCfg = BuiltWithUnrealBuildTool|Win32
		{23992E90-4782-4B90-924B-5D81E920F264}.DebugGame Editor|HTML5.Build.0 = BuiltWithUnrealBuildTool|Win32
		{23992E90-4782-4B90-924B-5D81E920F264}.DebugGame Editor|Win32.ActiveCfg = BuiltWithUnrealBuildTool|Win32
		{23992E90-4782-4B90-924B-5D81E920F264}.DebugGame Editor|Win32.Build.0 = BuiltWithUnrealBuildTool|Win32
		{23992E90-4782-4B90-924B-5D81E920F264}.DebugGame Editor|Win64.ActiveCfg = BuiltWithUnrealBuildTool|Win32
		{23992E90-4782-4B90-924B-5D81E920F264}.DebugGame Editor|Win64.Build.0 = BuiltWithUnrealBuildTool|Win32
		{23992E90-4782-4B90-924B-5D81E920F264}.DebugGame|HTML5.ActiveCfg = BuiltWithUnrealBuildTool|Win32
		{23992E90-4782-4B90-924B-5D81E920F264}.DebugGame|HTML5.Build.0 = BuiltWithUnrealBuildTool|Win32
		{23992E90-4782-4B90-924B-5D81E920F264}.DebugGame|Win32.ActiveCfg = BuiltWithUnrealBuildTool|Win32
		{23992E90-4782-4B90-924B-5D81E920F264}.DebugGame|Win32.Build.0 = BuiltWithUnrealBuildTool|Win32
		{23992E90-4782-4B90-924B-5D81E920F264}.DebugGame|Win64.ActiveCfg = BuiltWithUnrealBuildTool|Win32
		{23992E90-4782-4B90-924B-5D81E920F264}.DebugGame|Win64.Build.0 = BuiltWithUnrealBuildTool|Win32
		{23992E90-4782-4B90-924B-5D81E920F264}.Development Editor|HTML5.ActiveCfg = BuiltWithUnrealBuildTool|Win32
		{23992E90-4782-4B90-924B-5D81E920F264}.Development Editor|HTML5.Build.0 = BuiltWithUnrealBuildTool|Win32
		{23992E90-4782-4B90-924B-5D81E920F264}.Development Editor|Win32.ActiveCfg = BuiltWithUnrealBuildTool|Win32
		{23992E90-4782-4B90-924B-5D81E920F264}.Development Editor|Win32.Build.0 = BuiltWithUnrealBuildTool|Win32
		{23992E90-4782-4B90-924B-5D81E920F264}.Development Editor|Win64.ActiveCfg = BuiltWithUnrealBuildTool|Win32
		{23992E90-4782-4B90-924B-5D81E920F264}.Development Editor|Win64.Build.0 = BuiltWithUnrealBuildTool|Win32
		{23992E90-4782-4B90-924B-5D81E920F264}.Development|HTML5.ActiveCfg = BuiltWithUnrealBuildTool|Win32
		{23992E90-4782-4B90-924B-5D81E920F264}.Development|HTML5.Build.0 = BuiltWithUnrealBuildTool|Win32
		{23992E90-4782-4B90-924B-5D81E920F264}.Development|Win32.ActiveCfg = BuiltWithUnrealBuildTool|Win32
		{23992E90-4782-4B90-924B-5D81E920F264}.Development|Win32.Build.0 = BuiltWithUnrealBuildTool|Win32
		{23992E90-4782-4B90-924B-5D81E920F264}.Development|Win64.ActiveCfg = BuiltWithUnrealBuildTool|Win32
		{23992E90-4782-4B90-924B-5D81E920F264}.Development|Win64.Build.0 = BuiltWithUnrealBuildTool|Win32
		{23992E90-4782-4B90-924B-5D81E920F264}.Shipping|HTML5.ActiveCfg = BuiltWithUnrealBuildTool|Win32
		{23992E90-4782-4B90-924B-5D81E920F264}.Shipping|HTML5.Build.0 = BuiltWithUnrealBuildTool|Win32
		{23992E90-4782-4B90-924B-5D81E920F264}.Shipping|Win32.ActiveCfg = BuiltWithUnrealBuildTool|Win32
		{23992E90-4782-4B90-924B-5D81E920F264}.Shipping|Win32.Build.0 = BuiltWithUnrealBuildTool|Win32
		{23992E90-4782-4B90-924B-5D81E920F264}.Shipping|Win64.ActiveCfg = BuiltWithUnrealBuildTool|Win32
		{23992E90-4782-4B90-924B-5D81E920F264}.Shipping|Win64.Build.0 = BuiltWithUnrealBuildTool|Win32
		{4E6F6734-F0A2-4B51-8194-3B4C77B97322}.DebugGame Editor|HTML5.ActiveCfg = HTML5_DebugGame_Editor|Win32
		{4E6F6734-F0A2-4B51-8194-3B4C77B97322}.DebugGame Editor|Win32.ActiveCfg = DebugGame_Editor|Win32
		{4E6F6734-F0A2-4B51-8194-3B4C77B97322}.DebugGame Editor|Win64.ActiveCfg = DebugGame_Editor|x64
		{4E6F6734-F0A2-4B51-8194-3B4C77B97322}.DebugGame Editor|Win64.Build.0 = DebugGame_Editor|x64
		{4E6F6734-F0A2-4B51-8194-3B4C77B97322}.DebugGame|HTML5.ActiveCfg = HTML5_DebugGame_Game|Win32
		{4E6F6734-F0A2-4B51-8194-3B4C77B97322}.DebugGame|HTML5.Build.0 = HTML5_DebugGame_Game|Win32
		{4E6F6734-F0A2-4B51-8194-3B4C77B97322}.DebugGame|Win32.ActiveCfg = DebugGame_Game|Win32
		{4E6F6734-F0A2-4B51-8194-3B4C77B97322}.DebugGame|Win32.Build.0 = DebugGame_Game|Win32
		{4E6F6734-F0A2-4B51-8194-3B4C77B97322}.DebugGame|Win64.ActiveCfg = DebugGame_Game|x64
		{4E6F6734-F0A2-4B51-8194-3B4C77B97322}.DebugGame|Win64.Build.0 = DebugGame_Game|x64
		{4E6F6734-F0A2-4B51-8194-3B4C77B97322}.Development Editor|HTML5.ActiveCfg = HTML5_Development_Editor|Win32
		{4E6F6734-F0A2-4B51-8194-3B4C77B97322}.Development Editor|Win32.ActiveCfg = Development_Editor|Win32
		{4E6F6734-F0A2-4B51-8194-3B4C77B97322}.Development Editor|Win64.ActiveCfg = Development_Editor|x64
		{4E6F6734-F0A2-4B51-8194-3B4C77B97322}.Development Editor|Win64.Build.0 = Development_Editor|x64
		{4E6F6734-F0A2-4B51-8194-3B4C77B97322}.Development|HTML5.ActiveCfg = HTML5_Development_Game|Win32
		{4E6F6734-F0A2-4B51-8194-3B4C77B97322}.Development|HTML5.Build.0 = HTML5_Development_Game|Win32
		{4E6F6734-F0A2-4B51-8194-3B4C77B97322}.Development|Win32.ActiveCfg = Development_Game|Win32
		{4E6F6734-F0A2-4B51-8194-3B4C77B97322}.Development|Win32.Build.0 = Development_Game|Win32
		{4E6F6734-F0A2-4B51-8194-3B4C77B97322}.Development|Win64.ActiveCfg = Development_Game|x64
		{4E6F6734-F0A2-4B51-8194-3B4C77B97322}.Development|Win64.Build.0 = Development_Game|x64
		{4E6F6734-F0A2-4B51-8194-3B4C77B97322}.Shipping|HTML5.ActiveCfg = HTML5_Shipping_Game|Win32
		{4E6F6734-F0A2-4B51-8194-3B4C77B97322}.Shipping|HTML5.Build.0 = HTML5_Shipping_Game|Win32
		{4E6F6734-F0A2-4B51-8194-3B4C77B97322}.Shipping|Win32.ActiveCfg = Shipping_Game|Win32
		{4E6F6734-F0A2-4B51-8194-3B4C77B97322}.Shipping|Win32.Build.0 = Shipping_Game|Win32
		{4E6F6734-F0A2-4B51-8194-3B4C77B97322}.Shipping|Win64.ActiveCfg = Shipping_Game|x64
		{4E6F6734-F0A2-4B51-8194-3B4C77B97322}.Shipping|Win64.Build.0 = Shipping_Game|x64
	EndGlobalSection
	GlobalSection(SolutionProperties) = preSolution
		HideSolutionNode = FALSE
	EndGlobalSection
	GlobalSection(NestedProjects) = preSolution
		{23992E90-4782-4B90-924B-5D81E920F264} = {9CBE755F-8ED1-47DA-BB92-60E70479F4B5}
		{4E6F6734-F0A2-4B51-8194-3B4C77B97322} = {3787F825-E272-4E7F-8775-098C94C5B3BD}
	EndGlobalSection
	GlobalSection(ExtensibilityGlobals) = postSolution
		SolutionGuid = {26B60465-E83D-4851-BFF4-50C272DD0353}
	EndGlobalSection
EndGlobal
