
Microsoft Visual Studio Solution File, Format Version 12.00
# Visual Studio 15
VisualStudioVersion = 15.0.25807.0
MinimumVisualStudioVersion = 10.0.40219.1
Project("{2150E333-8FDC-42A3-9474-1A3956D46DE8}") = "Engine", "Engine", "{A99CF10B-E6E7-4F40-BA6C-A81BDE597717}"
EndProject
Project("{2150E333-8FDC-42A3-9474-1A3956D46DE8}") = "Games", "Games", "{410A571A-81F9-4FB7-9321-3FEF03D5472B}"
EndProject
Project("{8BC9CEB8-8B4A-11D0-8D11-00A0C91BC942}") = "UE4", "Intermediate\ProjectFiles\UE4.vcxproj", "{49B69D4F-E432-4011-AEC5-1E798480AEF6}"
EndProject
Project("{8BC9CEB8-8B4A-11D0-8D11-00A0C91BC942}") = "EscapeRoom", "Intermediate\ProjectFiles\EscapeRoom.vcxproj", "{207A93C8-71C3-4325-B7D5-52C20D6C7D16}"
EndProject
Global
	GlobalSection(SolutionConfigurationPlatforms) = preSolution
		DebugGame Editor|HTML5 = DebugGame Editor|HTML5
		DebugGame Editor|Win32 = DebugGame Editor|Win32
		DebugGame Editor|Win64 = DebugGame Editor|Win64
		DebugGame|HTML5 = DebugGame|HTML5
		DebugGame|Win32 = DebugGame|Win32
		DebugGame|Win64 = DebugGame|Win64
		Development Editor|HTML5 = Development Editor|HTML5
		Development Editor|Win32 = Development Editor|Win32
		Development Editor|Win64 = Development Editor|Win64
		Development|HTML5 = Development|HTML5
		Development|Win32 = Development|Win32
		Development|Win64 = Development|Win64
		Shipping|HTML5 = Shipping|HTML5
		Shipping|Win32 = Shipping|Win32
		Shipping|Win64 = Shipping|Win64
	EndGlobalSection
	GlobalSection(ProjectConfigurationPlatforms) = postSolution
		{49B69D4F-E432-4011-AEC5-1E798480AEF6}.DebugGame Editor|HTML5.ActiveCfg = BuiltWithUnrealBuildTool|Win32
		{49B69D4F-E432-4011-AEC5-1E798480AEF6}.DebugGame Editor|HTML5.Build.0 = BuiltWithUnrealBuildTool|Win32
		{49B69D4F-E432-4011-AEC5-1E798480AEF6}.DebugGame Editor|Win32.ActiveCfg = BuiltWithUnrealBuildTool|Win32
		{49B69D4F-E432-4011-AEC5-1E798480AEF6}.DebugGame Editor|Win32.Build.0 = BuiltWithUnrealBuildTool|Win32
		{49B69D4F-E432-4011-AEC5-1E798480AEF6}.DebugGame Editor|Win64.ActiveCfg = BuiltWithUnrealBuildTool|Win32
		{49B69D4F-E432-4011-AEC5-1E798480AEF6}.DebugGame Editor|Win64.Build.0 = BuiltWithUnrealBuildTool|Win32
		{49B69D4F-E432-4011-AEC5-1E798480AEF6}.DebugGame|HTML5.ActiveCfg = BuiltWithUnrealBuildTool|Win32
		{49B69D4F-E432-4011-AEC5-1E798480AEF6}.DebugGame|HTML5.Build.0 = BuiltWithUnrealBuildTool|Win32
		{49B69D4F-E432-4011-AEC5-1E798480AEF6}.DebugGame|Win32.ActiveCfg = BuiltWithUnrealBuildTool|Win32
		{49B69D4F-E432-4011-AEC5-1E798480AEF6}.DebugGame|Win32.Build.0 = BuiltWithUnrealBuildTool|Win32
		{49B69D4F-E432-4011-AEC5-1E798480AEF6}.DebugGame|Win64.ActiveCfg = BuiltWithUnrealBuildTool|Win32
		{49B69D4F-E432-4011-AEC5-1E798480AEF6}.DebugGame|Win64.Build.0 = BuiltWithUnrealBuildTool|Win32
		{49B69D4F-E432-4011-AEC5-1E798480AEF6}.Development Editor|HTML5.ActiveCfg = BuiltWithUnrealBuildTool|Win32
		{49B69D4F-E432-4011-AEC5-1E798480AEF6}.Development Editor|HTML5.Build.0 = BuiltWithUnrealBuildTool|Win32
		{49B69D4F-E432-4011-AEC5-1E798480AEF6}.Development Editor|Win32.ActiveCfg = BuiltWithUnrealBuildTool|Win32
		{49B69D4F-E432-4011-AEC5-1E798480AEF6}.Development Editor|Win32.Build.0 = BuiltWithUnrealBuildTool|Win32
		{49B69D4F-E432-4011-AEC5-1E798480AEF6}.Development Editor|Win64.ActiveCfg = BuiltWithUnrealBuildTool|Win32
		{49B69D4F-E432-4011-AEC5-1E798480AEF6}.Development Editor|Win64.Build.0 = BuiltWithUnrealBuildTool|Win32
		{49B69D4F-E432-4011-AEC5-1E798480AEF6}.Development|HTML5.ActiveCfg = BuiltWithUnrealBuildTool|Win32
		{49B69D4F-E432-4011-AEC5-1E798480AEF6}.Development|HTML5.Build.0 = BuiltWithUnrealBuildTool|Win32
		{49B69D4F-E432-4011-AEC5-1E798480AEF6}.Development|Win32.ActiveCfg = BuiltWithUnrealBuildTool|Win32
		{49B69D4F-E432-4011-AEC5-1E798480AEF6}.Development|Win32.Build.0 = BuiltWithUnrealBuildTool|Win32
		{49B69D4F-E432-4011-AEC5-1E798480AEF6}.Development|Win64.ActiveCfg = BuiltWithUnrealBuildTool|Win32
		{49B69D4F-E432-4011-AEC5-1E798480AEF6}.Development|Win64.Build.0 = BuiltWithUnrealBuildTool|Win32
		{49B69D4F-E432-4011-AEC5-1E798480AEF6}.Shipping|HTML5.ActiveCfg = BuiltWithUnrealBuildTool|Win32
		{49B69D4F-E432-4011-AEC5-1E798480AEF6}.Shipping|HTML5.Build.0 = BuiltWithUnrealBuildTool|Win32
		{49B69D4F-E432-4011-AEC5-1E798480AEF6}.Shipping|Win32.ActiveCfg = BuiltWithUnrealBuildTool|Win32
		{49B69D4F-E432-4011-AEC5-1E798480AEF6}.Shipping|Win32.Build.0 = BuiltWithUnrealBuildTool|Win32
		{49B69D4F-E432-4011-AEC5-1E798480AEF6}.Shipping|Win64.ActiveCfg = BuiltWithUnrealBuildTool|Win32
		{49B69D4F-E432-4011-AEC5-1E798480AEF6}.Shipping|Win64.Build.0 = BuiltWithUnrealBuildTool|Win32
		{207A93C8-71C3-4325-B7D5-52C20D6C7D16}.DebugGame Editor|HTML5.ActiveCfg = HTML5_DebugGame_Editor|Win32
		{207A93C8-71C3-4325-B7D5-52C20D6C7D16}.DebugGame Editor|Win32.ActiveCfg = DebugGame_Editor|Win32
		{207A93C8-71C3-4325-B7D5-52C20D6C7D16}.DebugGame Editor|Win64.ActiveCfg = DebugGame_Editor|x64
		{207A93C8-71C3-4325-B7D5-52C20D6C7D16}.DebugGame Editor|Win64.Build.0 = DebugGame_Editor|x64
		{207A93C8-71C3-4325-B7D5-52C20D6C7D16}.DebugGame|HTML5.ActiveCfg = HTML5_DebugGame_Game|Win32
		{207A93C8-71C3-4325-B7D5-52C20D6C7D16}.DebugGame|HTML5.Build.0 = HTML5_DebugGame_Game|Win32
		{207A93C8-71C3-4325-B7D5-52C20D6C7D16}.DebugGame|Win32.ActiveCfg = DebugGame_Game|Win32
		{207A93C8-71C3-4325-B7D5-52C20D6C7D16}.DebugGame|Win32.Build.0 = DebugGame_Game|Win32
		{207A93C8-71C3-4325-B7D5-52C20D6C7D16}.DebugGame|Win64.ActiveCfg = DebugGame_Game|x64
		{207A93C8-71C3-4325-B7D5-52C20D6C7D16}.DebugGame|Win64.Build.0 = DebugGame_Game|x64
		{207A93C8-71C3-4325-B7D5-52C20D6C7D16}.Development Editor|HTML5.ActiveCfg = HTML5_Development_Editor|Win32
		{207A93C8-71C3-4325-B7D5-52C20D6C7D16}.Development Editor|Win32.ActiveCfg = Development_Editor|Win32
		{207A93C8-71C3-4325-B7D5-52C20D6C7D16}.Development Editor|Win64.ActiveCfg = Development_Editor|x64
		{207A93C8-71C3-4325-B7D5-52C20D6C7D16}.Development Editor|Win64.Build.0 = Development_Editor|x64
		{207A93C8-71C3-4325-B7D5-52C20D6C7D16}.Development|HTML5.ActiveCfg = HTML5_Development_Game|Win32
		{207A93C8-71C3-4325-B7D5-52C20D6C7D16}.Development|HTML5.Build.0 = HTML5_Development_Game|Win32
		{207A93C8-71C3-4325-B7D5-52C20D6C7D16}.Development|Win32.ActiveCfg = Development_Game|Win32
		{207A93C8-71C3-4325-B7D5-52C20D6C7D16}.Development|Win32.Build.0 = Development_Game|Win32
		{207A93C8-71C3-4325-B7D5-52C20D6C7D16}.Development|Win64.ActiveCfg = Development_Game|x64
		{207A93C8-71C3-4325-B7D5-52C20D6C7D16}.Development|Win64.Build.0 = Development_Game|x64
		{207A93C8-71C3-4325-B7D5-52C20D6C7D16}.Shipping|HTML5.ActiveCfg = HTML5_Shipping_Game|Win32
		{207A93C8-71C3-4325-B7D5-52C20D6C7D16}.Shipping|HTML5.Build.0 = HTML5_Shipping_Game|Win32
		{207A93C8-71C3-4325-B7D5-52C20D6C7D16}.Shipping|Win32.ActiveCfg = Shipping_Game|Win32
		{207A93C8-71C3-4325-B7D5-52C20D6C7D16}.Shipping|Win32.Build.0 = Shipping_Game|Win32
		{207A93C8-71C3-4325-B7D5-52C20D6C7D16}.Shipping|Win64.ActiveCfg = Shipping_Game|x64
		{207A93C8-71C3-4325-B7D5-52C20D6C7D16}.Shipping|Win64.Build.0 = Shipping_Game|x64
	EndGlobalSection
	GlobalSection(SolutionProperties) = preSolution
		HideSolutionNode = FALSE
	EndGlobalSection
	GlobalSection(NestedProjects) = preSolution
		{49B69D4F-E432-4011-AEC5-1E798480AEF6} = {A99CF10B-E6E7-4F40-BA6C-A81BDE597717}
		{207A93C8-71C3-4325-B7D5-52C20D6C7D16} = {410A571A-81F9-4FB7-9321-3FEF03D5472B}
	EndGlobalSection
	GlobalSection(ExtensibilityGlobals) = postSolution
		SolutionGuid = {D86E64D7-314C-4BED-834F-86136EB3D70D}
	EndGlobalSection
EndGlobal
