
Microsoft Visual Studio Solution File, Format Version 12.00
# Visual Studio 15
VisualStudioVersion = 15.0.25807.0
MinimumVisualStudioVersion = 10.0.40219.1
Project("{2150E333-8FDC-42A3-9474-1A3956D46DE8}") = "Engine", "Engine", "{A6B1E0D1-392A-4509-8772-542A717FAFE3}"
EndProject
Project("{2150E333-8FDC-42A3-9474-1A3956D46DE8}") = "Games", "Games", "{5F3EC8BA-3F0E-4939-94C3-3FF8BB0275DE}"
EndProject
Project("{8BC9CEB8-8B4A-11D0-8D11-00A0C91BC942}") = "UE4", "Intermediate\ProjectFiles\UE4.vcxproj", "{391C8F95-2B3C-4C0D-BCBE-52BA89C42513}"
EndProject
Project("{8BC9CEB8-8B4A-11D0-8D11-00A0C91BC942}") = "EscapeRoom", "Intermediate\ProjectFiles\EscapeRoom.vcxproj", "{DA50280E-649F-45E2-B539-C0B5C1C2C67E}"
EndProject
Global
	GlobalSection(SolutionConfigurationPlatforms) = preSolution
		DebugGame Editor|HTML5 = DebugGame Editor|HTML5
		DebugGame Editor|Win32 = DebugGame Editor|Win32
		DebugGame Editor|Win64 = DebugGame Editor|Win64
		DebugGame|HTML5 = DebugGame|HTML5
		DebugGame|Win32 = DebugGame|Win32
		DebugGame|Win64 = DebugGame|Win64
		Development Editor|HTML5 = Development Editor|HTML5
		Development Editor|Win32 = Development Editor|Win32
		Development Editor|Win64 = Development Editor|Win64
		Development|HTML5 = Development|HTML5
		Development|Win32 = Development|Win32
		Development|Win64 = Development|Win64
		Shipping|HTML5 = Shipping|HTML5
		Shipping|Win32 = Shipping|Win32
		Shipping|Win64 = Shipping|Win64
	EndGlobalSection
	GlobalSection(ProjectConfigurationPlatforms) = postSolution
		{391C8F95-2B3C-4C0D-BCBE-52BA89C42513}.DebugGame Editor|HTML5.ActiveCfg = BuiltWithUnrealBuildTool|Win32
		{391C8F95-2B3C-4C0D-BCBE-52BA89C42513}.DebugGame Editor|HTML5.Build.0 = BuiltWithUnrealBuildTool|Win32
		{391C8F95-2B3C-4C0D-BCBE-52BA89C42513}.DebugGame Editor|Win32.ActiveCfg = BuiltWithUnrealBuildTool|Win32
		{391C8F95-2B3C-4C0D-BCBE-52BA89C42513}.DebugGame Editor|Win32.Build.0 = BuiltWithUnrealBuildTool|Win32
		{391C8F95-2B3C-4C0D-BCBE-52BA89C42513}.DebugGame Editor|Win64.ActiveCfg = BuiltWithUnrealBuildTool|Win32
		{391C8F95-2B3C-4C0D-BCBE-52BA89C42513}.DebugGame Editor|Win64.Build.0 = BuiltWithUnrealBuildTool|Win32
		{391C8F95-2B3C-4C0D-BCBE-52BA89C42513}.DebugGame|HTML5.ActiveCfg = BuiltWithUnrealBuildTool|Win32
		{391C8F95-2B3C-4C0D-BCBE-52BA89C42513}.DebugGame|HTML5.Build.0 = BuiltWithUnrealBuildTool|Win32
		{391C8F95-2B3C-4C0D-BCBE-52BA89C42513}.DebugGame|Win32.ActiveCfg = BuiltWithUnrealBuildTool|Win32
		{391C8F95-2B3C-4C0D-BCBE-52BA89C42513}.DebugGame|Win32.Build.0 = BuiltWithUnrealBuildTool|Win32
		{391C8F95-2B3C-4C0D-BCBE-52BA89C42513}.DebugGame|Win64.ActiveCfg = BuiltWithUnrealBuildTool|Win32
		{391C8F95-2B3C-4C0D-BCBE-52BA89C42513}.DebugGame|Win64.Build.0 = BuiltWithUnrealBuildTool|Win32
		{391C8F95-2B3C-4C0D-BCBE-52BA89C42513}.Development Editor|HTML5.ActiveCfg = BuiltWithUnrealBuildTool|Win32
		{391C8F95-2B3C-4C0D-BCBE-52BA89C42513}.Development Editor|HTML5.Build.0 = BuiltWithUnrealBuildTool|Win32
		{391C8F95-2B3C-4C0D-BCBE-52BA89C42513}.Development Editor|Win32.ActiveCfg = BuiltWithUnrealBuildTool|Win32
		{391C8F95-2B3C-4C0D-BCBE-52BA89C42513}.Development Editor|Win32.Build.0 = BuiltWithUnrealBuildTool|Win32
		{391C8F95-2B3C-4C0D-BCBE-52BA89C42513}.Development Editor|Win64.ActiveCfg = BuiltWithUnrealBuildTool|Win32
		{391C8F95-2B3C-4C0D-BCBE-52BA89C42513}.Development Editor|Win64.Build.0 = BuiltWithUnrealBuildTool|Win32
		{391C8F95-2B3C-4C0D-BCBE-52BA89C42513}.Development|HTML5.ActiveCfg = BuiltWithUnrealBuildTool|Win32
		{391C8F95-2B3C-4C0D-BCBE-52BA89C42513}.Development|HTML5.Build.0 = BuiltWithUnrealBuildTool|Win32
		{391C8F95-2B3C-4C0D-BCBE-52BA89C42513}.Development|Win32.ActiveCfg = BuiltWithUnrealBuildTool|Win32
		{391C8F95-2B3C-4C0D-BCBE-52BA89C42513}.Development|Win32.Build.0 = BuiltWithUnrealBuildTool|Win32
		{391C8F95-2B3C-4C0D-BCBE-52BA89C42513}.Development|Win64.ActiveCfg = BuiltWithUnrealBuildTool|Win32
		{391C8F95-2B3C-4C0D-BCBE-52BA89C42513}.Development|Win64.Build.0 = BuiltWithUnrealBuildTool|Win32
		{391C8F95-2B3C-4C0D-BCBE-52BA89C42513}.Shipping|HTML5.ActiveCfg = BuiltWithUnrealBuildTool|Win32
		{391C8F95-2B3C-4C0D-BCBE-52BA89C42513}.Shipping|HTML5.Build.0 = BuiltWithUnrealBuildTool|Win32
		{391C8F95-2B3C-4C0D-BCBE-52BA89C42513}.Shipping|Win32.ActiveCfg = BuiltWithUnrealBuildTool|Win32
		{391C8F95-2B3C-4C0D-BCBE-52BA89C42513}.Shipping|Win32.Build.0 = BuiltWithUnrealBuildTool|Win32
		{391C8F95-2B3C-4C0D-BCBE-52BA89C42513}.Shipping|Win64.ActiveCfg = BuiltWithUnrealBuildTool|Win32
		{391C8F95-2B3C-4C0D-BCBE-52BA89C42513}.Shipping|Win64.Build.0 = BuiltWithUnrealBuildTool|Win32
		{DA50280E-649F-45E2-B539-C0B5C1C2C67E}.DebugGame Editor|HTML5.ActiveCfg = HTML5_DebugGame_Editor|Win32
		{DA50280E-649F-45E2-B539-C0B5C1C2C67E}.DebugGame Editor|Win32.ActiveCfg = DebugGame_Editor|Win32
		{DA50280E-649F-45E2-B539-C0B5C1C2C67E}.DebugGame Editor|Win64.ActiveCfg = DebugGame_Editor|x64
		{DA50280E-649F-45E2-B539-C0B5C1C2C67E}.DebugGame Editor|Win64.Build.0 = DebugGame_Editor|x64
		{DA50280E-649F-45E2-B539-C0B5C1C2C67E}.DebugGame|HTML5.ActiveCfg = HTML5_DebugGame_Game|Win32
		{DA50280E-649F-45E2-B539-C0B5C1C2C67E}.DebugGame|HTML5.Build.0 = HTML5_DebugGame_Game|Win32
		{DA50280E-649F-45E2-B539-C0B5C1C2C67E}.DebugGame|Win32.ActiveCfg = DebugGame_Game|Win32
		{DA50280E-649F-45E2-B539-C0B5C1C2C67E}.DebugGame|Win32.Build.0 = DebugGame_Game|Win32
		{DA50280E-649F-45E2-B539-C0B5C1C2C67E}.DebugGame|Win64.ActiveCfg = DebugGame_Game|x64
		{DA50280E-649F-45E2-B539-C0B5C1C2C67E}.DebugGame|Win64.Build.0 = DebugGame_Game|x64
		{DA50280E-649F-45E2-B539-C0B5C1C2C67E}.Development Editor|HTML5.ActiveCfg = HTML5_Development_Editor|Win32
		{DA50280E-649F-45E2-B539-C0B5C1C2C67E}.Development Editor|Win32.ActiveCfg = Development_Editor|Win32
		{DA50280E-649F-45E2-B539-C0B5C1C2C67E}.Development Editor|Win64.ActiveCfg = Development_Editor|x64
		{DA50280E-649F-45E2-B539-C0B5C1C2C67E}.Development Editor|Win64.Build.0 = Development_Editor|x64
		{DA50280E-649F-45E2-B539-C0B5C1C2C67E}.Development|HTML5.ActiveCfg = HTML5_Development_Game|Win32
		{DA50280E-649F-45E2-B539-C0B5C1C2C67E}.Development|HTML5.Build.0 = HTML5_Development_Game|Win32
		{DA50280E-649F-45E2-B539-C0B5C1C2C67E}.Development|Win32.ActiveCfg = Development_Game|Win32
		{DA50280E-649F-45E2-B539-C0B5C1C2C67E}.Development|Win32.Build.0 = Development_Game|Win32
		{DA50280E-649F-45E2-B539-C0B5C1C2C67E}.Development|Win64.ActiveCfg = Development_Game|x64
		{DA50280E-649F-45E2-B539-C0B5C1C2C67E}.Development|Win64.Build.0 = Development_Game|x64
		{DA50280E-649F-45E2-B539-C0B5C1C2C67E}.Shipping|HTML5.ActiveCfg = HTML5_Shipping_Game|Win32
		{DA50280E-649F-45E2-B539-C0B5C1C2C67E}.Shipping|HTML5.Build.0 = HTML5_Shipping_Game|Win32
		{DA50280E-649F-45E2-B539-C0B5C1C2C67E}.Shipping|Win32.ActiveCfg = Shipping_Game|Win32
		{DA50280E-649F-45E2-B539-C0B5C1C2C67E}.Shipping|Win32.Build.0 = Shipping_Game|Win32
		{DA50280E-649F-45E2-B539-C0B5C1C2C67E}.Shipping|Win64.ActiveCfg = Shipping_Game|x64
		{DA50280E-649F-45E2-B539-C0B5C1C2C67E}.Shipping|Win64.Build.0 = Shipping_Game|x64
	EndGlobalSection
	GlobalSection(SolutionProperties) = preSolution
		HideSolutionNode = FALSE
	EndGlobalSection
	GlobalSection(NestedProjects) = preSolution
		{391C8F95-2B3C-4C0D-BCBE-52BA89C42513} = {A6B1E0D1-392A-4509-8772-542A717FAFE3}
		{DA50280E-649F-45E2-B539-C0B5C1C2C67E} = {5F3EC8BA-3F0E-4939-94C3-3FF8BB0275DE}
	EndGlobalSection
	GlobalSection(ExtensibilityGlobals) = postSolution
		SolutionGuid = {3F4F989B-1E94-4C2B-8D4F-DAD26A02D8E2}
	EndGlobalSection
EndGlobal
